
Microsoft Visual Studio Solution File, Format Version 12.00
# Visual Studio Version 17
VisualStudioVersion = 17.0.32126.317
MinimumVisualStudioVersion = 10.0.40219.1
Project("{9A19103F-16F7-4668-BE54-9A1E7A4F7556}") = "TwoTaskWebAPI", "TwoTaskWebAPI\TwoTaskWebAPI.csproj", "{42293194-B8D7-4049-9521-E952E13E80ED}"
EndProject
Project("{00D1A9C2-B5F0-4AF3-8072-F6C62B433612}") = "TwoTaskData", "TwoTaskData\TwoTaskData.sqlproj", "{73ADAB28-9021-465E-8345-1F5CCB11CB3D}"
EndProject
Project("{FAE04EC0-301F-11D3-BF4B-00C04F79EFBC}") = "TwoTaskLibrary", "TwoTaskLibrary\TwoTaskLibrary.csproj", "{4D9581CD-5851-4FCB-814C-E0F094B75CC3}"
EndProject
Project("{9A19103F-16F7-4668-BE54-9A1E7A4F7556}") = "TwoTaskWebAPI.UnitTests", "TwoTaskWebAPI.Test\TwoTaskWebAPI.UnitTests.csproj", "{9825880F-4760-4224-A897-3079863A4F4D}"
EndProject
Global
	GlobalSection(SolutionConfigurationPlatforms) = preSolution
		Debug|Any CPU = Debug|Any CPU
		Release|Any CPU = Release|Any CPU
	EndGlobalSection
	GlobalSection(ProjectConfigurationPlatforms) = postSolution
		{42293194-B8D7-4049-9521-E952E13E80ED}.Debug|Any CPU.ActiveCfg = Debug|Any CPU
		{42293194-B8D7-4049-9521-E952E13E80ED}.Debug|Any CPU.Build.0 = Debug|Any CPU
		{42293194-B8D7-4049-9521-E952E13E80ED}.Release|Any CPU.ActiveCfg = Release|Any CPU
		{42293194-B8D7-4049-9521-E952E13E80ED}.Release|Any CPU.Build.0 = Release|Any CPU
		{73ADAB28-9021-465E-8345-1F5CCB11CB3D}.Debug|Any CPU.ActiveCfg = Debug|Any CPU
		{73ADAB28-9021-465E-8345-1F5CCB11CB3D}.Debug|Any CPU.Build.0 = Debug|Any CPU
		{73ADAB28-9021-465E-8345-1F5CCB11CB3D}.Debug|Any CPU.Deploy.0 = Debug|Any CPU
		{73ADAB28-9021-465E-8345-1F5CCB11CB3D}.Release|Any CPU.ActiveCfg = Release|Any CPU
		{73ADAB28-9021-465E-8345-1F5CCB11CB3D}.Release|Any CPU.Build.0 = Release|Any CPU
		{73ADAB28-9021-465E-8345-1F5CCB11CB3D}.Release|Any CPU.Deploy.0 = Release|Any CPU
		{4D9581CD-5851-4FCB-814C-E0F094B75CC3}.Debug|Any CPU.ActiveCfg = Debug|Any CPU
		{4D9581CD-5851-4FCB-814C-E0F094B75CC3}.Debug|Any CPU.Build.0 = Debug|Any CPU
		{4D9581CD-5851-4FCB-814C-E0F094B75CC3}.Release|Any CPU.ActiveCfg = Release|Any CPU
		{4D9581CD-5851-4FCB-814C-E0F094B75CC3}.Release|Any CPU.Build.0 = Release|Any CPU
		{9825880F-4760-4224-A897-3079863A4F4D}.Debug|Any CPU.ActiveCfg = Debug|Any CPU
		{9825880F-4760-4224-A897-3079863A4F4D}.Debug|Any CPU.Build.0 = Debug|Any CPU
		{9825880F-4760-4224-A897-3079863A4F4D}.Release|Any CPU.ActiveCfg = Release|Any CPU
		{9825880F-4760-4224-A897-3079863A4F4D}.Release|Any CPU.Build.0 = Release|Any CPU
	EndGlobalSection
	GlobalSection(SolutionProperties) = preSolution
		HideSolutionNode = FALSE
	EndGlobalSection
	GlobalSection(ExtensibilityGlobals) = postSolution
		SolutionGuid = {94AB8152-47AA-4A80-9A8B-8200D573172C}
	EndGlobalSection
EndGlobal
